
Microsoft Visual Studio Solution File, Format Version 12.00
# Visual Studio Version 17
VisualStudioVersion = 17.0.31903.59
MinimumVisualStudioVersion = 10.0.40219.1
Project("{FAE04EC0-301F-11D3-BF4B-00C04F79EFBC}") = "SendEmailToUserForBirthday", "SendEmailToUserForBirthday\SendEmailToUserForBirthday.csproj", "{F2B1AE61-E027-484C-B9CA-66A3455864E3}"
EndProject
Project("{FAE04EC0-301F-11D3-BF4B-00C04F79EFBC}") = "DataAccess", "DataAccess\DataAccess.csproj", "{85D51130-D3EC-45E1-AC9A-E1CA84DBB4E1}"
EndProject
Global
	GlobalSection(SolutionConfigurationPlatforms) = preSolution
		Debug|Any CPU = Debug|Any CPU
		Release|Any CPU = Release|Any CPU
	EndGlobalSection
	GlobalSection(ProjectConfigurationPlatforms) = postSolution
		{F2B1AE61-E027-484C-B9CA-66A3455864E3}.Debug|Any CPU.ActiveCfg = Debug|Any CPU
		{F2B1AE61-E027-484C-B9CA-66A3455864E3}.Debug|Any CPU.Build.0 = Debug|Any CPU
		{F2B1AE61-E027-484C-B9CA-66A3455864E3}.Release|Any CPU.ActiveCfg = Release|Any CPU
		{F2B1AE61-E027-484C-B9CA-66A3455864E3}.Release|Any CPU.Build.0 = Release|Any CPU
		{85D51130-D3EC-45E1-AC9A-E1CA84DBB4E1}.Debug|Any CPU.ActiveCfg = Debug|Any CPU
		{85D51130-D3EC-45E1-AC9A-E1CA84DBB4E1}.Debug|Any CPU.Build.0 = Debug|Any CPU
		{85D51130-D3EC-45E1-AC9A-E1CA84DBB4E1}.Release|Any CPU.ActiveCfg = Release|Any CPU
		{85D51130-D3EC-45E1-AC9A-E1CA84DBB4E1}.Release|Any CPU.Build.0 = Release|Any CPU
	EndGlobalSection
	GlobalSection(SolutionProperties) = preSolution
		HideSolutionNode = FALSE
	EndGlobalSection
	GlobalSection(ExtensibilityGlobals) = postSolution
		SolutionGuid = {9D91A22C-4A0F-4393-926B-BC29D8A97DC2}
	EndGlobalSection
EndGlobal
